
Microsoft Visual Studio Solution File, Format Version 12.00
# Visual Studio 2013
VisualStudioVersion = 12.0.40629.0
MinimumVisualStudioVersion = 10.0.40219.1
Project("{8BC9CEB8-8B4A-11D0-8D11-00A0C91BC942}") = "Strategy", "Strategy\Strategy.vcxproj", "{4F84D394-E5D9-4019-B9EE-8C5673D616F8}"
EndProject
Project("{8BC9CEB8-8B4A-11D0-8D11-00A0C91BC942}") = "Proxy", "Proxy\Proxy.vcxproj", "{8E154461-A429-4898-A8F2-BAAE5F6E4BDF}"
EndProject
Project("{8BC9CEB8-8B4A-11D0-8D11-00A0C91BC942}") = "Singleton", "Singleton\Singleton.vcxproj", "{EFCDD093-D4C3-4CB5-BB2D-7BDAEA04B529}"
EndProject
Project("{8BC9CEB8-8B4A-11D0-8D11-00A0C91BC942}") = "Multition", "Multition\Multition.vcxproj", "{41157196-4378-4D9F-8FB8-E5713B150B05}"
EndProject
Project("{8BC9CEB8-8B4A-11D0-8D11-00A0C91BC942}") = "Factory", "Factory\Factory.vcxproj", "{7A379DBE-AA04-4823-BA5B-16911A7EFAEC}"
EndProject
Global
	GlobalSection(SolutionConfigurationPlatforms) = preSolution
		Debug|Win32 = Debug|Win32
		Release|Win32 = Release|Win32
	EndGlobalSection
	GlobalSection(ProjectConfigurationPlatforms) = postSolution
		{4F84D394-E5D9-4019-B9EE-8C5673D616F8}.Debug|Win32.ActiveCfg = Debug|Win32
		{4F84D394-E5D9-4019-B9EE-8C5673D616F8}.Debug|Win32.Build.0 = Debug|Win32
		{4F84D394-E5D9-4019-B9EE-8C5673D616F8}.Release|Win32.ActiveCfg = Release|Win32
		{4F84D394-E5D9-4019-B9EE-8C5673D616F8}.Release|Win32.Build.0 = Release|Win32
		{8E154461-A429-4898-A8F2-BAAE5F6E4BDF}.Debug|Win32.ActiveCfg = Debug|Win32
		{8E154461-A429-4898-A8F2-BAAE5F6E4BDF}.Debug|Win32.Build.0 = Debug|Win32
		{8E154461-A429-4898-A8F2-BAAE5F6E4BDF}.Release|Win32.ActiveCfg = Release|Win32
		{8E154461-A429-4898-A8F2-BAAE5F6E4BDF}.Release|Win32.Build.0 = Release|Win32
		{EFCDD093-D4C3-4CB5-BB2D-7BDAEA04B529}.Debug|Win32.ActiveCfg = Debug|Win32
		{EFCDD093-D4C3-4CB5-BB2D-7BDAEA04B529}.Debug|Win32.Build.0 = Debug|Win32
		{EFCDD093-D4C3-4CB5-BB2D-7BDAEA04B529}.Release|Win32.ActiveCfg = Release|Win32
		{EFCDD093-D4C3-4CB5-BB2D-7BDAEA04B529}.Release|Win32.Build.0 = Release|Win32
		{41157196-4378-4D9F-8FB8-E5713B150B05}.Debug|Win32.ActiveCfg = Debug|Win32
		{41157196-4378-4D9F-8FB8-E5713B150B05}.Debug|Win32.Build.0 = Debug|Win32
		{41157196-4378-4D9F-8FB8-E5713B150B05}.Release|Win32.ActiveCfg = Release|Win32
		{41157196-4378-4D9F-8FB8-E5713B150B05}.Release|Win32.Build.0 = Release|Win32
		{7A379DBE-AA04-4823-BA5B-16911A7EFAEC}.Debug|Win32.ActiveCfg = Debug|Win32
		{7A379DBE-AA04-4823-BA5B-16911A7EFAEC}.Debug|Win32.Build.0 = Debug|Win32
		{7A379DBE-AA04-4823-BA5B-16911A7EFAEC}.Release|Win32.ActiveCfg = Release|Win32
		{7A379DBE-AA04-4823-BA5B-16911A7EFAEC}.Release|Win32.Build.0 = Release|Win32
	EndGlobalSection
	GlobalSection(SolutionProperties) = preSolution
		HideSolutionNode = FALSE
	EndGlobalSection
EndGlobal
